// !$*UTF8*$!
{
	archiveVersion = 1;
	classes = {
	};
	objectVersion = 46;
	objects = {

/* Begin PBXBuildFile section */
		DF894AFD1AF9431B00A45A85 /* main.m in Sources */ = {isa = PBXBuildFile; fileRef = DF894AFC1AF9431B00A45A85 /* main.m */; };
		DF894B051AF946DF00A45A85 /* BookShop.m in Sources */ = {isa = PBXBuildFile; fileRef = DF894B041AF946DF00A45A85 /* BookShop.m */; };
		DF894B081AF9470900A45A85 /* Book.m in Sources */ = {isa = PBXBuildFile; fileRef = DF894B071AF9470900A45A85 /* Book.m */; };
/* End PBXBuildFile section */

/* Begin PBXCopyFilesBuildPhase section */
		DF894AF71AF9431B00A45A85 /* CopyFiles */ = {
			isa = PBXCopyFilesBuildPhase;
			buildActionMask = 2147483647;
			dstPath = /usr/share/man/man1/;
			dstSubfolderSpec = 0;
			files = (
			);
			runOnlyForDeploymentPostprocessing = 1;
		};
/* End PBXCopyFilesBuildPhase section */

/* Begin PBXFileReference section */
		DF894AF91AF9431B00A45A85 /* LearnObject1 */ = {isa = PBXFileReference; explicitFileType = "compiled.mach-o.executable"; includeInIndex = 0; path = LearnObject1; sourceTree = BUILT_PRODUCTS_DIR; };
		DF894AFC1AF9431B00A45A85 /* main.m */ = {isa = PBXFileReference; lastKnownFileType = sourcecode.c.objc; path = main.m; sourceTree = "<group>"; };
		DF894B031AF946DF00A45A85 /* BookShop.h */ = {isa = PBXFileReference; fileEncoding = 4; lastKnownFileType = sourcecode.c.h; path = BookShop.h; sourceTree = "<group>"; };
		DF894B041AF946DF00A45A85 /* BookShop.m */ = {isa = PBXFileReference; fileEncoding = 4; lastKnownFileType = sourcecode.c.objc; path = BookShop.m; sourceTree = "<group>"; };
		DF894B061AF9470900A45A85 /* Book.h */ = {isa = PBXFileReference; fileEncoding = 4; lastKnownFileType = sourcecode.c.h; path = Book.h; sourceTree = "<group>"; };
		DF894B071AF9470900A45A85 /* Book.m */ = {isa = PBXFileReference; fileEncoding = 4; lastKnownFileType = sourcecode.c.objc; path = Book.m; sourceTree = "<group>"; };
/* End PBXFileReference section */

/* Begin PBXFrameworksBuildPhase section */
		DF894AF61AF9431B00A45A85 /* Frameworks */ = {
			isa = PBXFrameworksBuildPhase;
			buildActionMask = 2147483647;
			files = (
			);
			runOnlyForDeploymentPostprocessing = 0;
		};
/* End PBXFrameworksBuildPhase section */

/* Begin PBXGroup section */
		DF894AF01AF9431B00A45A85 = {
			isa = PBXGroup;
			children = (
				DF894AFB1AF9431B00A45A85 /* LearnObject1 */,
				DF894AFA1AF9431B00A45A85 /* Products */,
			);
			sourceTree = "<group>";
		};
		DF894AFA1AF9431B00A45A85 /* Products */ = {
			isa = PBXGroup;
			children = (
				DF894AF91AF9431B00A45A85 /* LearnObject1 */,
			);
			name = Products;
			sourceTree = "<group>";
		};
		DF894AFB1AF9431B00A45A85 /* LearnObject1 */ = {
			isa = PBXGroup;
			children = (
				DF894AFC1AF9431B00A45A85 /* main.m */,
				DF894B031AF946DF00A45A85 /* BookShop.h */,
				DF894B041AF946DF00A45A85 /* BookShop.m */,
				DF894B061AF9470900A45A85 /* Book.h */,
				DF894B071AF9470900A45A85 /* Book.m */,
			);
			path = LearnObject1;
			sourceTree = "<group>";
		};
/* End PBXGroup section */

/* Begin PBXNativeTarget section */
		DF894AF81AF9431B00A45A85 /* LearnObject1 */ = {
			isa = PBXNativeTarget;
			buildConfigurationList = DF894B001AF9431B00A45A85 /* Build configuration list for PBXNativeTarget "LearnObject1" */;
			buildPhases = (
				DF894AF51AF9431B00A45A85 /* Sources */,
				DF894AF61AF9431B00A45A85 /* Frameworks */,
				DF894AF71AF9431B00A45A85 /* CopyFiles */,
			);
			buildRules = (
			);
			dependencies = (
			);
			name = LearnObject1;
			productName = LearnObject1;
			productReference = DF894AF91AF9431B00A45A85 /* LearnObject1 */;
			productType = "com.apple.product-type.tool";
		};
/* End PBXNativeTarget section */

/* Begin PBXProject section */
		DF894AF11AF9431B00A45A85 /* Project object */ = {
			isa = PBXProject;
			attributes = {
				LastUpgradeCheck = 0630;
				ORGANIZATIONNAME = tao;
				TargetAttributes = {
					DF894AF81AF9431B00A45A85 = {
						CreatedOnToolsVersion = 6.3.1;
					};
				};
			};
			buildConfigurationList = DF894AF41AF9431B00A45A85 /* Build configuration list for PBXProject "LearnObject1" */;
			compatibilityVersion = "Xcode 3.2";
			developmentRegion = English;
			hasScannedForEncodings = 0;
			knownRegions = (
				en,
			);
			mainGroup = DF894AF01AF9431B00A45A85;
			productRefGroup = DF894AFA1AF9431B00A45A85 /* Products */;
			projectDirPath = "";
			projectRoot = "";
			targets = (
				DF894AF81AF9431B00A45A85 /* LearnObject1 */,
			);
		};
/* End PBXProject section */

/* Begin PBXSourcesBuildPhase section */
		DF894AF51AF9431B00A45A85 /* Sources */ = {
			isa = PBXSourcesBuildPhase;
			buildActionMask = 2147483647;
			files = (
				DF894B051AF946DF00A45A85 /* BookShop.m in Sources */,
				DF894B081AF9470900A45A85 /* Book.m in Sources */,
				DF894AFD1AF9431B00A45A85 /* main.m in Sources */,
			);
			runOnlyForDeploymentPostprocessing = 0;
		};
/* End PBXSourcesBuildPhase section */

/* Begin XCBuildConfiguration section */
		DF894AFE1AF9431B00A45A85 /* Debug */ = {
			isa = XCBuildConfiguration;
			buildSettings = {
				ALWAYS_SEARCH_USER_PATHS = NO;
				CLANG_CXX_LANGUAGE_STANDARD = "gnu++0x";
				CLANG_CXX_LIBRARY = "libc++";
				CLANG_ENABLE_MODULES = YES;
				CLANG_ENABLE_OBJC_ARC = YES;
				CLANG_WARN_BOOL_CONVERSION = YES;
				CLANG_WARN_CONSTANT_CONVERSION = YES;
				CLANG_WARN_DIRECT_OBJC_ISA_USAGE = YES_ERROR;
				CLANG_WARN_EMPTY_BODY = YES;
				CLANG_WARN_ENUM_CONVERSION = YES;
				CLANG_WARN_INT_CONVERSION = YES;
				CLANG_WARN_OBJC_ROOT_CLASS = YES_ERROR;
				CLANG_WARN_UNREACHABLE_CODE = YES;
				CLANG_WARN__DUPLICATE_METHOD_MATCH = YES;
				COPY_PHASE_STRIP = NO;
				DEBUG_INFORMATION_FORMAT = dwarf;
				ENABLE_STRICT_OBJC_MSGSEND = YES;
				GCC_C_LANGUAGE_STANDARD = gnu99;
				GCC_DYNAMIC_NO_PIC = NO;
				GCC_NO_COMMON_BLOCKS = YES;
				GCC_OPTIMIZATION_LEVEL = 0;
				GCC_PREPROCESSOR_DEFINITIONS = (
					"DEBUG=1",
					"$(inherited)",
				);
				GCC_SYMBOLS_PRIVATE_EXTERN = NO;
				GCC_WARN_64_TO_32_BIT_CONVERSION = YES;
				GCC_WARN_ABOUT_RETURN_TYPE = YES_ERROR;
				GCC_WARN_UNDECLARED_SELECTOR = YES;
				GCC_WARN_UNINITIALIZED_AUTOS = YES_AGGRESSIVE;
				GCC_WARN_UNUSED_FUNCTION = YES;
				GCC_WARN_UNUSED_VARIABLE = YES;
				MACOSX_DEPLOYMENT_TARGET = 10.10;
				MTL_ENABLE_DEBUG_INFO = YES;
				ONLY_ACTIVE_ARCH = YES;
				SDKROOT = macosx;
			};
			name = Debug;
		};
		DF894AFF1AF9431B00A45A85 /* Release */ = {
			isa = XCBuildConfiguration;
			buildSettings = {
				ALWAYS_SEARCH_USER_PATHS = NO;
				CLANG_CXX_LANGUAGE_STANDARD = "gnu++0x";
				CLANG_CXX_LIBRARY = "libc++";
				CLANG_ENABLE_MODULES = YES;
				CLANG_ENABLE_OBJC_ARC = YES;
				CLANG_WARN_BOOL_CONVERSION = YES;
				CLANG_WARN_CONSTANT_CONVERSION = YES;
				CLANG_WARN_DIRECT_OBJC_ISA_USAGE = YES_ERROR;
				CLANG_WARN_EMPTY_BODY = YES;
				CLANG_WARN_ENUM_CONVERSION = YES;
				CLANG_WARN_INT_CONVERSION = YES;
				CLANG_WARN_OBJC_ROOT_CLASS = YES_ERROR;
				CLANG_WARN_UNREACHABLE_CODE = YES;
				CLANG_WARN__DUPLICATE_METHOD_MATCH = YES;
				COPY_PHASE_STRIP = NO;
				DEBUG_INFORMATION_FORMAT = "dwarf-with-dsym";
				ENABLE_NS_ASSERTIONS = NO;
				ENABLE_STRICT_OBJC_MSGSEND = YES;
				GCC_C_LANGUAGE_STANDARD = gnu99;
				GCC_NO_COMMON_BLOCKS = YES;
				GCC_WARN_64_TO_32_BIT_CONVERSION = YES;
				GCC_WARN_ABOUT_RETURN_TYPE = YES_ERROR;
				GCC_WARN_UNDECLARED_SELECTOR = YES;
				GCC_WARN_UNINITIALIZED_AUTOS = YES_AGGRESSIVE;
				GCC_WARN_UNUSED_FUNCTION = YES;
				GCC_WARN_UNUSED_VARIABLE = YES;
				MACOSX_DEPLOYMENT_TARGET = 10.10;
				MTL_ENABLE_DEBUG_INFO = NO;
				SDKROOT = macosx;
			};
			name = Release;
		};
		DF894B011AF9431B00A45A85 /* Debug */ = {
			isa = XCBuildConfiguration;
			buildSettings = {
				PRODUCT_NAME = "$(TARGET_NAME)";
			};
			name = Debug;
		};
		DF894B021AF9431B00A45A85 /* Release */ = {
			isa = XCBuildConfiguration;
			buildSettings = {
				PRODUCT_NAME = "$(TARGET_NAME)";
			};
			name = Release;
		};
/* End XCBuildConfiguration section */

/* Begin XCConfigurationList section */
		DF894AF41AF9431B00A45A85 /* Build configuration list for PBXProject "LearnObject1" */ = {
			isa = XCConfigurationList;
			buildConfigurations = (
				DF894AFE1AF9431B00A45A85 /* Debug */,
				DF894AFF1AF9431B00A45A85 /* Release */,
			);
			defaultConfigurationIsVisible = 0;
			defaultConfigurationName = Release;
		};
		DF894B001AF9431B00A45A85 /* Build configuration list for PBXNativeTarget "LearnObject1" */ = {
			isa = XCConfigurationList;
			buildConfigurations = (
				DF894B011AF9431B00A45A85 /* Debug */,
				DF894B021AF9431B00A45A85 /* Release */,
			);
			defaultConfigurationIsVisible = 0;
		};
/* End XCConfigurationList section */
	};
	rootObject = DF894AF11AF9431B00A45A85 /* Project object */;
}
