// !$*UTF8*$!
{
	archiveVersion = 1;
	classes = {
	};
	objectVersion = 46;
	objects = {

/* Begin PBXBuildFile section */
		DF2DAF6B1B1A181800EF1574 /* main.m in Sources */ = {isa = PBXBuildFile; fileRef = DF2DAF6A1B1A181800EF1574 /* main.m */; };
		DF2DAF6E1B1A181800EF1574 /* AppDelegate.m in Sources */ = {isa = PBXBuildFile; fileRef = DF2DAF6D1B1A181800EF1574 /* AppDelegate.m */; };
		DF2DAF741B1A181800EF1574 /* Main.storyboard in Resources */ = {isa = PBXBuildFile; fileRef = DF2DAF721B1A181800EF1574 /* Main.storyboard */; };
		DF2DAF761B1A181800EF1574 /* Images.xcassets in Resources */ = {isa = PBXBuildFile; fileRef = DF2DAF751B1A181800EF1574 /* Images.xcassets */; };
		DF2DAF791B1A181800EF1574 /* LaunchScreen.xib in Resources */ = {isa = PBXBuildFile; fileRef = DF2DAF771B1A181800EF1574 /* LaunchScreen.xib */; };
		DF2DAF851B1A181800EF1574 /* testTests.m in Sources */ = {isa = PBXBuildFile; fileRef = DF2DAF841B1A181800EF1574 /* testTests.m */; };
		DF79BD671B1B64B4004A8B0B /* MyUITabController.m in Sources */ = {isa = PBXBuildFile; fileRef = DF79BD661B1B64B4004A8B0B /* MyUITabController.m */; };
		DF79BD6A1B1B6812004A8B0B /* ViewControllerOne.m in Sources */ = {isa = PBXBuildFile; fileRef = DF79BD691B1B6812004A8B0B /* ViewControllerOne.m */; };
		DF79BD6D1B1B6827004A8B0B /* ViewControllerTwo.m in Sources */ = {isa = PBXBuildFile; fileRef = DF79BD6C1B1B6827004A8B0B /* ViewControllerTwo.m */; };
/* End PBXBuildFile section */

/* Begin PBXContainerItemProxy section */
		DF2DAF7F1B1A181800EF1574 /* PBXContainerItemProxy */ = {
			isa = PBXContainerItemProxy;
			containerPortal = DF2DAF5D1B1A181800EF1574 /* Project object */;
			proxyType = 1;
			remoteGlobalIDString = DF2DAF641B1A181800EF1574;
			remoteInfo = test;
		};
/* End PBXContainerItemProxy section */

/* Begin PBXFileReference section */
		DF2DAF651B1A181800EF1574 /* test.app */ = {isa = PBXFileReference; explicitFileType = wrapper.application; includeInIndex = 0; path = test.app; sourceTree = BUILT_PRODUCTS_DIR; };
		DF2DAF691B1A181800EF1574 /* Info.plist */ = {isa = PBXFileReference; lastKnownFileType = text.plist.xml; path = Info.plist; sourceTree = "<group>"; };
		DF2DAF6A1B1A181800EF1574 /* main.m */ = {isa = PBXFileReference; lastKnownFileType = sourcecode.c.objc; path = main.m; sourceTree = "<group>"; };
		DF2DAF6C1B1A181800EF1574 /* AppDelegate.h */ = {isa = PBXFileReference; lastKnownFileType = sourcecode.c.h; path = AppDelegate.h; sourceTree = "<group>"; };
		DF2DAF6D1B1A181800EF1574 /* AppDelegate.m */ = {isa = PBXFileReference; lastKnownFileType = sourcecode.c.objc; path = AppDelegate.m; sourceTree = "<group>"; };
		DF2DAF731B1A181800EF1574 /* Base */ = {isa = PBXFileReference; lastKnownFileType = file.storyboard; name = Base; path = Base.lproj/Main.storyboard; sourceTree = "<group>"; };
		DF2DAF751B1A181800EF1574 /* Images.xcassets */ = {isa = PBXFileReference; lastKnownFileType = folder.assetcatalog; path = Images.xcassets; sourceTree = "<group>"; };
		DF2DAF781B1A181800EF1574 /* Base */ = {isa = PBXFileReference; lastKnownFileType = file.xib; name = Base; path = Base.lproj/LaunchScreen.xib; sourceTree = "<group>"; };
		DF2DAF7E1B1A181800EF1574 /* testTests.xctest */ = {isa = PBXFileReference; explicitFileType = wrapper.cfbundle; includeInIndex = 0; path = testTests.xctest; sourceTree = BUILT_PRODUCTS_DIR; };
		DF2DAF831B1A181800EF1574 /* Info.plist */ = {isa = PBXFileReference; lastKnownFileType = text.plist.xml; path = Info.plist; sourceTree = "<group>"; };
		DF2DAF841B1A181800EF1574 /* testTests.m */ = {isa = PBXFileReference; lastKnownFileType = sourcecode.c.objc; path = testTests.m; sourceTree = "<group>"; };
		DF79BD651B1B64B4004A8B0B /* MyUITabController.h */ = {isa = PBXFileReference; fileEncoding = 4; lastKnownFileType = sourcecode.c.h; path = MyUITabController.h; sourceTree = "<group>"; };
		DF79BD661B1B64B4004A8B0B /* MyUITabController.m */ = {isa = PBXFileReference; fileEncoding = 4; lastKnownFileType = sourcecode.c.objc; path = MyUITabController.m; sourceTree = "<group>"; };
		DF79BD681B1B6812004A8B0B /* ViewControllerOne.h */ = {isa = PBXFileReference; fileEncoding = 4; lastKnownFileType = sourcecode.c.h; path = ViewControllerOne.h; sourceTree = "<group>"; };
		DF79BD691B1B6812004A8B0B /* ViewControllerOne.m */ = {isa = PBXFileReference; fileEncoding = 4; lastKnownFileType = sourcecode.c.objc; path = ViewControllerOne.m; sourceTree = "<group>"; };
		DF79BD6B1B1B6827004A8B0B /* ViewControllerTwo.h */ = {isa = PBXFileReference; fileEncoding = 4; lastKnownFileType = sourcecode.c.h; path = ViewControllerTwo.h; sourceTree = "<group>"; };
		DF79BD6C1B1B6827004A8B0B /* ViewControllerTwo.m */ = {isa = PBXFileReference; fileEncoding = 4; lastKnownFileType = sourcecode.c.objc; path = ViewControllerTwo.m; sourceTree = "<group>"; };
/* End PBXFileReference section */

/* Begin PBXFrameworksBuildPhase section */
		DF2DAF621B1A181800EF1574 /* Frameworks */ = {
			isa = PBXFrameworksBuildPhase;
			buildActionMask = 2147483647;
			files = (
			);
			runOnlyForDeploymentPostprocessing = 0;
		};
		DF2DAF7B1B1A181800EF1574 /* Frameworks */ = {
			isa = PBXFrameworksBuildPhase;
			buildActionMask = 2147483647;
			files = (
			);
			runOnlyForDeploymentPostprocessing = 0;
		};
/* End PBXFrameworksBuildPhase section */

/* Begin PBXGroup section */
		DF2DAF5C1B1A181800EF1574 = {
			isa = PBXGroup;
			children = (
				DF2DAF671B1A181800EF1574 /* test */,
				DF2DAF811B1A181800EF1574 /* testTests */,
				DF2DAF661B1A181800EF1574 /* Products */,
			);
			sourceTree = "<group>";
		};
		DF2DAF661B1A181800EF1574 /* Products */ = {
			isa = PBXGroup;
			children = (
				DF2DAF651B1A181800EF1574 /* test.app */,
				DF2DAF7E1B1A181800EF1574 /* testTests.xctest */,
			);
			name = Products;
			sourceTree = "<group>";
		};
		DF2DAF671B1A181800EF1574 /* test */ = {
			isa = PBXGroup;
			children = (
				DF2DAF6C1B1A181800EF1574 /* AppDelegate.h */,
				DF2DAF6D1B1A181800EF1574 /* AppDelegate.m */,
				DF2DAF721B1A181800EF1574 /* Main.storyboard */,
				DF2DAF751B1A181800EF1574 /* Images.xcassets */,
				DF2DAF771B1A181800EF1574 /* LaunchScreen.xib */,
				DF2DAF681B1A181800EF1574 /* Supporting Files */,
				DF79BD651B1B64B4004A8B0B /* MyUITabController.h */,
				DF79BD661B1B64B4004A8B0B /* MyUITabController.m */,
				DF79BD681B1B6812004A8B0B /* ViewControllerOne.h */,
				DF79BD691B1B6812004A8B0B /* ViewControllerOne.m */,
				DF79BD6B1B1B6827004A8B0B /* ViewControllerTwo.h */,
				DF79BD6C1B1B6827004A8B0B /* ViewControllerTwo.m */,
			);
			path = test;
			sourceTree = "<group>";
		};
		DF2DAF681B1A181800EF1574 /* Supporting Files */ = {
			isa = PBXGroup;
			children = (
				DF2DAF691B1A181800EF1574 /* Info.plist */,
				DF2DAF6A1B1A181800EF1574 /* main.m */,
			);
			name = "Supporting Files";
			sourceTree = "<group>";
		};
		DF2DAF811B1A181800EF1574 /* testTests */ = {
			isa = PBXGroup;
			children = (
				DF2DAF841B1A181800EF1574 /* testTests.m */,
				DF2DAF821B1A181800EF1574 /* Supporting Files */,
			);
			path = testTests;
			sourceTree = "<group>";
		};
		DF2DAF821B1A181800EF1574 /* Supporting Files */ = {
			isa = PBXGroup;
			children = (
				DF2DAF831B1A181800EF1574 /* Info.plist */,
			);
			name = "Supporting Files";
			sourceTree = "<group>";
		};
/* End PBXGroup section */

/* Begin PBXNativeTarget section */
		DF2DAF641B1A181800EF1574 /* test */ = {
			isa = PBXNativeTarget;
			buildConfigurationList = DF2DAF881B1A181800EF1574 /* Build configuration list for PBXNativeTarget "test" */;
			buildPhases = (
				DF2DAF611B1A181800EF1574 /* Sources */,
				DF2DAF621B1A181800EF1574 /* Frameworks */,
				DF2DAF631B1A181800EF1574 /* Resources */,
			);
			buildRules = (
			);
			dependencies = (
			);
			name = test;
			productName = test;
			productReference = DF2DAF651B1A181800EF1574 /* test.app */;
			productType = "com.apple.product-type.application";
		};
		DF2DAF7D1B1A181800EF1574 /* testTests */ = {
			isa = PBXNativeTarget;
			buildConfigurationList = DF2DAF8B1B1A181800EF1574 /* Build configuration list for PBXNativeTarget "testTests" */;
			buildPhases = (
				DF2DAF7A1B1A181800EF1574 /* Sources */,
				DF2DAF7B1B1A181800EF1574 /* Frameworks */,
				DF2DAF7C1B1A181800EF1574 /* Resources */,
			);
			buildRules = (
			);
			dependencies = (
				DF2DAF801B1A181800EF1574 /* PBXTargetDependency */,
			);
			name = testTests;
			productName = testTests;
			productReference = DF2DAF7E1B1A181800EF1574 /* testTests.xctest */;
			productType = "com.apple.product-type.bundle.unit-test";
		};
/* End PBXNativeTarget section */

/* Begin PBXProject section */
		DF2DAF5D1B1A181800EF1574 /* Project object */ = {
			isa = PBXProject;
			attributes = {
				LastUpgradeCheck = 0630;
				ORGANIZATIONNAME = tao;
				TargetAttributes = {
					DF2DAF641B1A181800EF1574 = {
						CreatedOnToolsVersion = 6.3.1;
					};
					DF2DAF7D1B1A181800EF1574 = {
						CreatedOnToolsVersion = 6.3.1;
						TestTargetID = DF2DAF641B1A181800EF1574;
					};
				};
			};
			buildConfigurationList = DF2DAF601B1A181800EF1574 /* Build configuration list for PBXProject "test" */;
			compatibilityVersion = "Xcode 3.2";
			developmentRegion = English;
			hasScannedForEncodings = 0;
			knownRegions = (
				en,
				Base,
			);
			mainGroup = DF2DAF5C1B1A181800EF1574;
			productRefGroup = DF2DAF661B1A181800EF1574 /* Products */;
			projectDirPath = "";
			projectRoot = "";
			targets = (
				DF2DAF641B1A181800EF1574 /* test */,
				DF2DAF7D1B1A181800EF1574 /* testTests */,
			);
		};
/* End PBXProject section */

/* Begin PBXResourcesBuildPhase section */
		DF2DAF631B1A181800EF1574 /* Resources */ = {
			isa = PBXResourcesBuildPhase;
			buildActionMask = 2147483647;
			files = (
				DF2DAF741B1A181800EF1574 /* Main.storyboard in Resources */,
				DF2DAF791B1A181800EF1574 /* LaunchScreen.xib in Resources */,
				DF2DAF761B1A181800EF1574 /* Images.xcassets in Resources */,
			);
			runOnlyForDeploymentPostprocessing = 0;
		};
		DF2DAF7C1B1A181800EF1574 /* Resources */ = {
			isa = PBXResourcesBuildPhase;
			buildActionMask = 2147483647;
			files = (
			);
			runOnlyForDeploymentPostprocessing = 0;
		};
/* End PBXResourcesBuildPhase section */

/* Begin PBXSourcesBuildPhase section */
		DF2DAF611B1A181800EF1574 /* Sources */ = {
			isa = PBXSourcesBuildPhase;
			buildActionMask = 2147483647;
			files = (
				DF79BD6D1B1B6827004A8B0B /* ViewControllerTwo.m in Sources */,
				DF2DAF6E1B1A181800EF1574 /* AppDelegate.m in Sources */,
				DF2DAF6B1B1A181800EF1574 /* main.m in Sources */,
				DF79BD671B1B64B4004A8B0B /* MyUITabController.m in Sources */,
				DF79BD6A1B1B6812004A8B0B /* ViewControllerOne.m in Sources */,
			);
			runOnlyForDeploymentPostprocessing = 0;
		};
		DF2DAF7A1B1A181800EF1574 /* Sources */ = {
			isa = PBXSourcesBuildPhase;
			buildActionMask = 2147483647;
			files = (
				DF2DAF851B1A181800EF1574 /* testTests.m in Sources */,
			);
			runOnlyForDeploymentPostprocessing = 0;
		};
/* End PBXSourcesBuildPhase section */

/* Begin PBXTargetDependency section */
		DF2DAF801B1A181800EF1574 /* PBXTargetDependency */ = {
			isa = PBXTargetDependency;
			target = DF2DAF641B1A181800EF1574 /* test */;
			targetProxy = DF2DAF7F1B1A181800EF1574 /* PBXContainerItemProxy */;
		};
/* End PBXTargetDependency section */

/* Begin PBXVariantGroup section */
		DF2DAF721B1A181800EF1574 /* Main.storyboard */ = {
			isa = PBXVariantGroup;
			children = (
				DF2DAF731B1A181800EF1574 /* Base */,
			);
			name = Main.storyboard;
			sourceTree = "<group>";
		};
		DF2DAF771B1A181800EF1574 /* LaunchScreen.xib */ = {
			isa = PBXVariantGroup;
			children = (
				DF2DAF781B1A181800EF1574 /* Base */,
			);
			name = LaunchScreen.xib;
			sourceTree = "<group>";
		};
/* End PBXVariantGroup section */

/* Begin XCBuildConfiguration section */
		DF2DAF861B1A181800EF1574 /* Debug */ = {
			isa = XCBuildConfiguration;
			buildSettings = {
				ALWAYS_SEARCH_USER_PATHS = NO;
				CLANG_CXX_LANGUAGE_STANDARD = "gnu++0x";
				CLANG_CXX_LIBRARY = "libc++";
				CLANG_ENABLE_MODULES = YES;
				CLANG_ENABLE_OBJC_ARC = YES;
				CLANG_WARN_BOOL_CONVERSION = YES;
				CLANG_WARN_CONSTANT_CONVERSION = YES;
				CLANG_WARN_DIRECT_OBJC_ISA_USAGE = YES_ERROR;
				CLANG_WARN_EMPTY_BODY = YES;
				CLANG_WARN_ENUM_CONVERSION = YES;
				CLANG_WARN_INT_CONVERSION = YES;
				CLANG_WARN_OBJC_ROOT_CLASS = YES_ERROR;
				CLANG_WARN_UNREACHABLE_CODE = YES;
				CLANG_WARN__DUPLICATE_METHOD_MATCH = YES;
				"CODE_SIGN_IDENTITY[sdk=iphoneos*]" = "iPhone Developer";
				COPY_PHASE_STRIP = NO;
				DEBUG_INFORMATION_FORMAT = "dwarf-with-dsym";
				ENABLE_STRICT_OBJC_MSGSEND = YES;
				GCC_C_LANGUAGE_STANDARD = gnu99;
				GCC_DYNAMIC_NO_PIC = NO;
				GCC_NO_COMMON_BLOCKS = YES;
				GCC_OPTIMIZATION_LEVEL = 0;
				GCC_PREPROCESSOR_DEFINITIONS = (
					"DEBUG=1",
					"$(inherited)",
				);
				GCC_SYMBOLS_PRIVATE_EXTERN = NO;
				GCC_WARN_64_TO_32_BIT_CONVERSION = YES;
				GCC_WARN_ABOUT_RETURN_TYPE = YES_ERROR;
				GCC_WARN_UNDECLARED_SELECTOR = YES;
				GCC_WARN_UNINITIALIZED_AUTOS = YES_AGGRESSIVE;
				GCC_WARN_UNUSED_FUNCTION = YES;
				GCC_WARN_UNUSED_VARIABLE = YES;
				IPHONEOS_DEPLOYMENT_TARGET = 8.3;
				MTL_ENABLE_DEBUG_INFO = YES;
				ONLY_ACTIVE_ARCH = YES;
				SDKROOT = iphoneos;
			};
			name = Debug;
		};
		DF2DAF871B1A181800EF1574 /* Release */ = {
			isa = XCBuildConfiguration;
			buildSettings = {
				ALWAYS_SEARCH_USER_PATHS = NO;
				CLANG_CXX_LANGUAGE_STANDARD = "gnu++0x";
				CLANG_CXX_LIBRARY = "libc++";
				CLANG_ENABLE_MODULES = YES;
				CLANG_ENABLE_OBJC_ARC = YES;
				CLANG_WARN_BOOL_CONVERSION = YES;
				CLANG_WARN_CONSTANT_CONVERSION = YES;
				CLANG_WARN_DIRECT_OBJC_ISA_USAGE = YES_ERROR;
				CLANG_WARN_EMPTY_BODY = YES;
				CLANG_WARN_ENUM_CONVERSION = YES;
				CLANG_WARN_INT_CONVERSION = YES;
				CLANG_WARN_OBJC_ROOT_CLASS = YES_ERROR;
				CLANG_WARN_UNREACHABLE_CODE = YES;
				CLANG_WARN__DUPLICATE_METHOD_MATCH = YES;
				"CODE_SIGN_IDENTITY[sdk=iphoneos*]" = "iPhone Developer";
				COPY_PHASE_STRIP = NO;
				DEBUG_INFORMATION_FORMAT = "dwarf-with-dsym";
				ENABLE_NS_ASSERTIONS = NO;
				ENABLE_STRICT_OBJC_MSGSEND = YES;
				GCC_C_LANGUAGE_STANDARD = gnu99;
				GCC_NO_COMMON_BLOCKS = YES;
				GCC_WARN_64_TO_32_BIT_CONVERSION = YES;
				GCC_WARN_ABOUT_RETURN_TYPE = YES_ERROR;
				GCC_WARN_UNDECLARED_SELECTOR = YES;
				GCC_WARN_UNINITIALIZED_AUTOS = YES_AGGRESSIVE;
				GCC_WARN_UNUSED_FUNCTION = YES;
				GCC_WARN_UNUSED_VARIABLE = YES;
				IPHONEOS_DEPLOYMENT_TARGET = 8.3;
				MTL_ENABLE_DEBUG_INFO = NO;
				SDKROOT = iphoneos;
				VALIDATE_PRODUCT = YES;
			};
			name = Release;
		};
		DF2DAF891B1A181800EF1574 /* Debug */ = {
			isa = XCBuildConfiguration;
			buildSettings = {
				ASSETCATALOG_COMPILER_APPICON_NAME = AppIcon;
				INFOPLIST_FILE = test/Info.plist;
				LD_RUNPATH_SEARCH_PATHS = "$(inherited) @executable_path/Frameworks";
				PRODUCT_NAME = "$(TARGET_NAME)";
			};
			name = Debug;
		};
		DF2DAF8A1B1A181800EF1574 /* Release */ = {
			isa = XCBuildConfiguration;
			buildSettings = {
				ASSETCATALOG_COMPILER_APPICON_NAME = AppIcon;
				INFOPLIST_FILE = test/Info.plist;
				LD_RUNPATH_SEARCH_PATHS = "$(inherited) @executable_path/Frameworks";
				PRODUCT_NAME = "$(TARGET_NAME)";
			};
			name = Release;
		};
		DF2DAF8C1B1A181800EF1574 /* Debug */ = {
			isa = XCBuildConfiguration;
			buildSettings = {
				BUNDLE_LOADER = "$(TEST_HOST)";
				FRAMEWORK_SEARCH_PATHS = (
					"$(SDKROOT)/Developer/Library/Frameworks",
					"$(inherited)",
				);
				GCC_PREPROCESSOR_DEFINITIONS = (
					"DEBUG=1",
					"$(inherited)",
				);
				INFOPLIST_FILE = testTests/Info.plist;
				LD_RUNPATH_SEARCH_PATHS = "$(inherited) @executable_path/Frameworks @loader_path/Frameworks";
				PRODUCT_NAME = "$(TARGET_NAME)";
				TEST_HOST = "$(BUILT_PRODUCTS_DIR)/test.app/test";
			};
			name = Debug;
		};
		DF2DAF8D1B1A181800EF1574 /* Release */ = {
			isa = XCBuildConfiguration;
			buildSettings = {
				BUNDLE_LOADER = "$(TEST_HOST)";
				FRAMEWORK_SEARCH_PATHS = (
					"$(SDKROOT)/Developer/Library/Frameworks",
					"$(inherited)",
				);
				INFOPLIST_FILE = testTests/Info.plist;
				LD_RUNPATH_SEARCH_PATHS = "$(inherited) @executable_path/Frameworks @loader_path/Frameworks";
				PRODUCT_NAME = "$(TARGET_NAME)";
				TEST_HOST = "$(BUILT_PRODUCTS_DIR)/test.app/test";
			};
			name = Release;
		};
/* End XCBuildConfiguration section */

/* Begin XCConfigurationList section */
		DF2DAF601B1A181800EF1574 /* Build configuration list for PBXProject "test" */ = {
			isa = XCConfigurationList;
			buildConfigurations = (
				DF2DAF861B1A181800EF1574 /* Debug */,
				DF2DAF871B1A181800EF1574 /* Release */,
			);
			defaultConfigurationIsVisible = 0;
			defaultConfigurationName = Release;
		};
		DF2DAF881B1A181800EF1574 /* Build configuration list for PBXNativeTarget "test" */ = {
			isa = XCConfigurationList;
			buildConfigurations = (
				DF2DAF891B1A181800EF1574 /* Debug */,
				DF2DAF8A1B1A181800EF1574 /* Release */,
			);
			defaultConfigurationIsVisible = 0;
			defaultConfigurationName = Release;
		};
		DF2DAF8B1B1A181800EF1574 /* Build configuration list for PBXNativeTarget "testTests" */ = {
			isa = XCConfigurationList;
			buildConfigurations = (
				DF2DAF8C1B1A181800EF1574 /* Debug */,
				DF2DAF8D1B1A181800EF1574 /* Release */,
			);
			defaultConfigurationIsVisible = 0;
			defaultConfigurationName = Release;
		};
/* End XCConfigurationList section */
	};
	rootObject = DF2DAF5D1B1A181800EF1574 /* Project object */;
}
